
Microsoft Visual Studio Solution File, Format Version 12.00
# Visual Studio Version 17
VisualStudioVersion = 17.14.36327.8
MinimumVisualStudioVersion = 10.0.40219.1
Project("{FAE04EC0-301F-11D3-BF4B-00C04F79EFBC}") = "Examina", "Examina\Examina.csproj", "{31F0A4FA-3313-43A9-F24F-741DA801E5BB}"
EndProject
Project("{FAE04EC0-301F-11D3-BF4B-00C04F79EFBC}") = "Examina.Desktop", "Examina.Desktop\Examina.Desktop.csproj", "{EA725D13-0422-5F8B-810E-7608BAE8F15D}"
EndProject
Project("{FAE04EC0-301F-11D3-BF4B-00C04F79EFBC}") = "ExaminaWebApplication", "ExaminaWebApplication\ExaminaWebApplication.csproj", "{9D84719A-DDFA-4A8B-8AD1-715DCCCBC955}"
EndProject
Project("{FAE04EC0-301F-11D3-BF4B-00C04F79EFBC}") = "ExamLab", "ExamLab\ExamLab.csproj", "{AA8EBEAE-9077-4362-91E5-51211D41ED17}"
EndProject
Project("{FAE04EC0-301F-11D3-BF4B-00C04F79EFBC}") = "BenchSuite", "BenchSuite\BenchSuite.csproj", "{F1AD2AA1-8B30-41F2-9769-3703B14FEE1D}"
EndProject
Project("{2150E333-8FDC-42A3-9474-1A3956D46DE8}") = "Tests", "Tests", "{02EA681E-C7D8-13C7-8484-4AC65E1B71E8}"
EndProject
Project("{FAE04EC0-301F-11D3-BF4B-00C04F79EFBC}") = "BenchSuiteTest", "Tests\BenchSuiteTest\BenchSuiteTest.csproj", "{475E93E3-1B9E-455C-BE71-1E8AEEAB6326}"
EndProject
Global
	GlobalSection(SolutionConfigurationPlatforms) = preSolution
		Debug|Any CPU = Debug|Any CPU
		Debug|ARM64 = Debug|ARM64
		Debug|x64 = Debug|x64
		Debug|x86 = Debug|x86
		Release|Any CPU = Release|Any CPU
		Release|ARM64 = Release|ARM64
		Release|x64 = Release|x64
		Release|x86 = Release|x86
	EndGlobalSection
	GlobalSection(ProjectConfigurationPlatforms) = postSolution
		{31F0A4FA-3313-43A9-F24F-741DA801E5BB}.Debug|Any CPU.ActiveCfg = Debug|Any CPU
		{31F0A4FA-3313-43A9-F24F-741DA801E5BB}.Debug|Any CPU.Build.0 = Debug|Any CPU
		{31F0A4FA-3313-43A9-F24F-741DA801E5BB}.Debug|ARM64.ActiveCfg = Debug|Any CPU
		{31F0A4FA-3313-43A9-F24F-741DA801E5BB}.Debug|ARM64.Build.0 = Debug|Any CPU
		{31F0A4FA-3313-43A9-F24F-741DA801E5BB}.Debug|x64.ActiveCfg = Debug|Any CPU
		{31F0A4FA-3313-43A9-F24F-741DA801E5BB}.Debug|x64.Build.0 = Debug|Any CPU
		{31F0A4FA-3313-43A9-F24F-741DA801E5BB}.Debug|x86.ActiveCfg = Debug|Any CPU
		{31F0A4FA-3313-43A9-F24F-741DA801E5BB}.Debug|x86.Build.0 = Debug|Any CPU
		{31F0A4FA-3313-43A9-F24F-741DA801E5BB}.Release|Any CPU.ActiveCfg = Release|Any CPU
		{31F0A4FA-3313-43A9-F24F-741DA801E5BB}.Release|Any CPU.Build.0 = Release|Any CPU
		{31F0A4FA-3313-43A9-F24F-741DA801E5BB}.Release|ARM64.ActiveCfg = Release|Any CPU
		{31F0A4FA-3313-43A9-F24F-741DA801E5BB}.Release|ARM64.Build.0 = Release|Any CPU
		{31F0A4FA-3313-43A9-F24F-741DA801E5BB}.Release|x64.ActiveCfg = Release|Any CPU
		{31F0A4FA-3313-43A9-F24F-741DA801E5BB}.Release|x64.Build.0 = Release|Any CPU
		{31F0A4FA-3313-43A9-F24F-741DA801E5BB}.Release|x86.ActiveCfg = Release|Any CPU
		{31F0A4FA-3313-43A9-F24F-741DA801E5BB}.Release|x86.Build.0 = Release|Any CPU
		{EA725D13-0422-5F8B-810E-7608BAE8F15D}.Debug|Any CPU.ActiveCfg = Debug|Any CPU
		{EA725D13-0422-5F8B-810E-7608BAE8F15D}.Debug|Any CPU.Build.0 = Debug|Any CPU
		{EA725D13-0422-5F8B-810E-7608BAE8F15D}.Debug|ARM64.ActiveCfg = Debug|Any CPU
		{EA725D13-0422-5F8B-810E-7608BAE8F15D}.Debug|ARM64.Build.0 = Debug|Any CPU
		{EA725D13-0422-5F8B-810E-7608BAE8F15D}.Debug|x64.ActiveCfg = Debug|Any CPU
		{EA725D13-0422-5F8B-810E-7608BAE8F15D}.Debug|x64.Build.0 = Debug|Any CPU
		{EA725D13-0422-5F8B-810E-7608BAE8F15D}.Debug|x86.ActiveCfg = Debug|Any CPU
		{EA725D13-0422-5F8B-810E-7608BAE8F15D}.Debug|x86.Build.0 = Debug|Any CPU
		{EA725D13-0422-5F8B-810E-7608BAE8F15D}.Release|Any CPU.ActiveCfg = Release|Any CPU
		{EA725D13-0422-5F8B-810E-7608BAE8F15D}.Release|Any CPU.Build.0 = Release|Any CPU
		{EA725D13-0422-5F8B-810E-7608BAE8F15D}.Release|ARM64.ActiveCfg = Release|Any CPU
		{EA725D13-0422-5F8B-810E-7608BAE8F15D}.Release|ARM64.Build.0 = Release|Any CPU
		{EA725D13-0422-5F8B-810E-7608BAE8F15D}.Release|x64.ActiveCfg = Release|Any CPU
		{EA725D13-0422-5F8B-810E-7608BAE8F15D}.Release|x64.Build.0 = Release|Any CPU
		{EA725D13-0422-5F8B-810E-7608BAE8F15D}.Release|x86.ActiveCfg = Release|Any CPU
		{EA725D13-0422-5F8B-810E-7608BAE8F15D}.Release|x86.Build.0 = Release|Any CPU
		{9D84719A-DDFA-4A8B-8AD1-715DCCCBC955}.Debug|Any CPU.ActiveCfg = Debug|Any CPU
		{9D84719A-DDFA-4A8B-8AD1-715DCCCBC955}.Debug|Any CPU.Build.0 = Debug|Any CPU
		{9D84719A-DDFA-4A8B-8AD1-715DCCCBC955}.Debug|ARM64.ActiveCfg = Debug|Any CPU
		{9D84719A-DDFA-4A8B-8AD1-715DCCCBC955}.Debug|ARM64.Build.0 = Debug|Any CPU
		{9D84719A-DDFA-4A8B-8AD1-715DCCCBC955}.Debug|x64.ActiveCfg = Debug|Any CPU
		{9D84719A-DDFA-4A8B-8AD1-715DCCCBC955}.Debug|x64.Build.0 = Debug|Any CPU
		{9D84719A-DDFA-4A8B-8AD1-715DCCCBC955}.Debug|x86.ActiveCfg = Debug|Any CPU
		{9D84719A-DDFA-4A8B-8AD1-715DCCCBC955}.Debug|x86.Build.0 = Debug|Any CPU
		{9D84719A-DDFA-4A8B-8AD1-715DCCCBC955}.Release|Any CPU.ActiveCfg = Release|Any CPU
		{9D84719A-DDFA-4A8B-8AD1-715DCCCBC955}.Release|Any CPU.Build.0 = Release|Any CPU
		{9D84719A-DDFA-4A8B-8AD1-715DCCCBC955}.Release|ARM64.ActiveCfg = Release|Any CPU
		{9D84719A-DDFA-4A8B-8AD1-715DCCCBC955}.Release|ARM64.Build.0 = Release|Any CPU
		{9D84719A-DDFA-4A8B-8AD1-715DCCCBC955}.Release|x64.ActiveCfg = Release|Any CPU
		{9D84719A-DDFA-4A8B-8AD1-715DCCCBC955}.Release|x64.Build.0 = Release|Any CPU
		{9D84719A-DDFA-4A8B-8AD1-715DCCCBC955}.Release|x86.ActiveCfg = Release|Any CPU
		{9D84719A-DDFA-4A8B-8AD1-715DCCCBC955}.Release|x86.Build.0 = Release|Any CPU
		{AA8EBEAE-9077-4362-91E5-51211D41ED17}.Debug|Any CPU.ActiveCfg = Debug|x64
		{AA8EBEAE-9077-4362-91E5-51211D41ED17}.Debug|Any CPU.Build.0 = Debug|x64
		{AA8EBEAE-9077-4362-91E5-51211D41ED17}.Debug|Any CPU.Deploy.0 = Debug|x64
		{AA8EBEAE-9077-4362-91E5-51211D41ED17}.Debug|ARM64.ActiveCfg = Debug|ARM64
		{AA8EBEAE-9077-4362-91E5-51211D41ED17}.Debug|ARM64.Build.0 = Debug|ARM64
		{AA8EBEAE-9077-4362-91E5-51211D41ED17}.Debug|ARM64.Deploy.0 = Debug|ARM64
		{AA8EBEAE-9077-4362-91E5-51211D41ED17}.Debug|x64.ActiveCfg = Debug|x64
		{AA8EBEAE-9077-4362-91E5-51211D41ED17}.Debug|x64.Build.0 = Debug|x64
		{AA8EBEAE-9077-4362-91E5-51211D41ED17}.Debug|x64.Deploy.0 = Debug|x64
		{AA8EBEAE-9077-4362-91E5-51211D41ED17}.Debug|x86.ActiveCfg = Debug|x86
		{AA8EBEAE-9077-4362-91E5-51211D41ED17}.Debug|x86.Build.0 = Debug|x86
		{AA8EBEAE-9077-4362-91E5-51211D41ED17}.Debug|x86.Deploy.0 = Debug|x86
		{AA8EBEAE-9077-4362-91E5-51211D41ED17}.Release|Any CPU.ActiveCfg = Release|x64
		{AA8EBEAE-9077-4362-91E5-51211D41ED17}.Release|Any CPU.Build.0 = Release|x64
		{AA8EBEAE-9077-4362-91E5-51211D41ED17}.Release|Any CPU.Deploy.0 = Release|x64
		{AA8EBEAE-9077-4362-91E5-51211D41ED17}.Release|ARM64.ActiveCfg = Release|ARM64
		{AA8EBEAE-9077-4362-91E5-51211D41ED17}.Release|ARM64.Build.0 = Release|ARM64
		{AA8EBEAE-9077-4362-91E5-51211D41ED17}.Release|ARM64.Deploy.0 = Release|ARM64
		{AA8EBEAE-9077-4362-91E5-51211D41ED17}.Release|x64.ActiveCfg = Release|x64
		{AA8EBEAE-9077-4362-91E5-51211D41ED17}.Release|x64.Build.0 = Release|x64
		{AA8EBEAE-9077-4362-91E5-51211D41ED17}.Release|x64.Deploy.0 = Release|x64
		{AA8EBEAE-9077-4362-91E5-51211D41ED17}.Release|x86.ActiveCfg = Release|x86
		{AA8EBEAE-9077-4362-91E5-51211D41ED17}.Release|x86.Build.0 = Release|x86
		{AA8EBEAE-9077-4362-91E5-51211D41ED17}.Release|x86.Deploy.0 = Release|x86
		{F1AD2AA1-8B30-41F2-9769-3703B14FEE1D}.Debug|Any CPU.ActiveCfg = Debug|Any CPU
		{F1AD2AA1-8B30-41F2-9769-3703B14FEE1D}.Debug|Any CPU.Build.0 = Debug|Any CPU
		{F1AD2AA1-8B30-41F2-9769-3703B14FEE1D}.Debug|ARM64.ActiveCfg = Debug|Any CPU
		{F1AD2AA1-8B30-41F2-9769-3703B14FEE1D}.Debug|ARM64.Build.0 = Debug|Any CPU
		{F1AD2AA1-8B30-41F2-9769-3703B14FEE1D}.Debug|x64.ActiveCfg = Debug|Any CPU
		{F1AD2AA1-8B30-41F2-9769-3703B14FEE1D}.Debug|x64.Build.0 = Debug|Any CPU
		{F1AD2AA1-8B30-41F2-9769-3703B14FEE1D}.Debug|x86.ActiveCfg = Debug|Any CPU
		{F1AD2AA1-8B30-41F2-9769-3703B14FEE1D}.Debug|x86.Build.0 = Debug|Any CPU
		{F1AD2AA1-8B30-41F2-9769-3703B14FEE1D}.Release|Any CPU.ActiveCfg = Release|Any CPU
		{F1AD2AA1-8B30-41F2-9769-3703B14FEE1D}.Release|Any CPU.Build.0 = Release|Any CPU
		{F1AD2AA1-8B30-41F2-9769-3703B14FEE1D}.Release|ARM64.ActiveCfg = Release|Any CPU
		{F1AD2AA1-8B30-41F2-9769-3703B14FEE1D}.Release|ARM64.Build.0 = Release|Any CPU
		{F1AD2AA1-8B30-41F2-9769-3703B14FEE1D}.Release|x64.ActiveCfg = Release|Any CPU
		{F1AD2AA1-8B30-41F2-9769-3703B14FEE1D}.Release|x64.Build.0 = Release|Any CPU
		{F1AD2AA1-8B30-41F2-9769-3703B14FEE1D}.Release|x86.ActiveCfg = Release|Any CPU
		{F1AD2AA1-8B30-41F2-9769-3703B14FEE1D}.Release|x86.Build.0 = Release|Any CPU
		{475E93E3-1B9E-455C-BE71-1E8AEEAB6326}.Debug|Any CPU.ActiveCfg = Debug|Any CPU
		{475E93E3-1B9E-455C-BE71-1E8AEEAB6326}.Debug|Any CPU.Build.0 = Debug|Any CPU
		{475E93E3-1B9E-455C-BE71-1E8AEEAB6326}.Debug|ARM64.ActiveCfg = Debug|Any CPU
		{475E93E3-1B9E-455C-BE71-1E8AEEAB6326}.Debug|ARM64.Build.0 = Debug|Any CPU
		{475E93E3-1B9E-455C-BE71-1E8AEEAB6326}.Debug|x64.ActiveCfg = Debug|Any CPU
		{475E93E3-1B9E-455C-BE71-1E8AEEAB6326}.Debug|x64.Build.0 = Debug|Any CPU
		{475E93E3-1B9E-455C-BE71-1E8AEEAB6326}.Debug|x86.ActiveCfg = Debug|Any CPU
		{475E93E3-1B9E-455C-BE71-1E8AEEAB6326}.Debug|x86.Build.0 = Debug|Any CPU
		{475E93E3-1B9E-455C-BE71-1E8AEEAB6326}.Release|Any CPU.ActiveCfg = Release|Any CPU
		{475E93E3-1B9E-455C-BE71-1E8AEEAB6326}.Release|Any CPU.Build.0 = Release|Any CPU
		{475E93E3-1B9E-455C-BE71-1E8AEEAB6326}.Release|ARM64.ActiveCfg = Release|Any CPU
		{475E93E3-1B9E-455C-BE71-1E8AEEAB6326}.Release|ARM64.Build.0 = Release|Any CPU
		{475E93E3-1B9E-455C-BE71-1E8AEEAB6326}.Release|x64.ActiveCfg = Release|Any CPU
		{475E93E3-1B9E-455C-BE71-1E8AEEAB6326}.Release|x64.Build.0 = Release|Any CPU
		{475E93E3-1B9E-455C-BE71-1E8AEEAB6326}.Release|x86.ActiveCfg = Release|Any CPU
		{475E93E3-1B9E-455C-BE71-1E8AEEAB6326}.Release|x86.Build.0 = Release|Any CPU
	EndGlobalSection
	GlobalSection(SolutionProperties) = preSolution
		HideSolutionNode = FALSE
	EndGlobalSection
	GlobalSection(NestedProjects) = preSolution
		{475E93E3-1B9E-455C-BE71-1E8AEEAB6326} = {02EA681E-C7D8-13C7-8484-4AC65E1B71E8}
	EndGlobalSection
	GlobalSection(ExtensibilityGlobals) = postSolution
		SolutionGuid = {1F85F749-10E7-4F18-B5AB-CC908C1022DC}
	EndGlobalSection
EndGlobal
